
Microsoft Visual Studio Solution File, Format Version 12.00
# Visual Studio 15
VisualStudioVersion = 15.0.26124.0
MinimumVisualStudioVersion = 15.0.26124.0
Project("{F2A71F9B-5D33-465A-A702-920D77279786}") = "PokerStarsParser.Tests", "PokerStarsParser.Tests\PokerStarsParser.Tests.fsproj", "{AE2366A9-9357-4BEB-AB06-E3F08E85D69B}"
EndProject
Project("{F2A71F9B-5D33-465A-A702-920D77279786}") = "PokerStarsParser", "PokerStarsParser\PokerStarsParser.fsproj", "{A750FFE4-2BEA-4C72-9C72-6CC4A1788C5A}"
EndProject
Global
	GlobalSection(SolutionConfigurationPlatforms) = preSolution
		Debug|Any CPU = Debug|Any CPU
		Debug|x64 = Debug|x64
		Debug|x86 = Debug|x86
		Release|Any CPU = Release|Any CPU
		Release|x64 = Release|x64
		Release|x86 = Release|x86
	EndGlobalSection
	GlobalSection(SolutionProperties) = preSolution
		HideSolutionNode = FALSE
	EndGlobalSection
	GlobalSection(ProjectConfigurationPlatforms) = postSolution
		{AE2366A9-9357-4BEB-AB06-E3F08E85D69B}.Debug|Any CPU.ActiveCfg = Debug|Any CPU
		{AE2366A9-9357-4BEB-AB06-E3F08E85D69B}.Debug|Any CPU.Build.0 = Debug|Any CPU
		{AE2366A9-9357-4BEB-AB06-E3F08E85D69B}.Debug|x64.ActiveCfg = Debug|Any CPU
		{AE2366A9-9357-4BEB-AB06-E3F08E85D69B}.Debug|x64.Build.0 = Debug|Any CPU
		{AE2366A9-9357-4BEB-AB06-E3F08E85D69B}.Debug|x86.ActiveCfg = Debug|Any CPU
		{AE2366A9-9357-4BEB-AB06-E3F08E85D69B}.Debug|x86.Build.0 = Debug|Any CPU
		{AE2366A9-9357-4BEB-AB06-E3F08E85D69B}.Release|Any CPU.ActiveCfg = Release|Any CPU
		{AE2366A9-9357-4BEB-AB06-E3F08E85D69B}.Release|Any CPU.Build.0 = Release|Any CPU
		{AE2366A9-9357-4BEB-AB06-E3F08E85D69B}.Release|x64.ActiveCfg = Release|Any CPU
		{AE2366A9-9357-4BEB-AB06-E3F08E85D69B}.Release|x64.Build.0 = Release|Any CPU
		{AE2366A9-9357-4BEB-AB06-E3F08E85D69B}.Release|x86.ActiveCfg = Release|Any CPU
		{AE2366A9-9357-4BEB-AB06-E3F08E85D69B}.Release|x86.Build.0 = Release|Any CPU
		{A750FFE4-2BEA-4C72-9C72-6CC4A1788C5A}.Debug|Any CPU.ActiveCfg = Debug|Any CPU
		{A750FFE4-2BEA-4C72-9C72-6CC4A1788C5A}.Debug|Any CPU.Build.0 = Debug|Any CPU
		{A750FFE4-2BEA-4C72-9C72-6CC4A1788C5A}.Debug|x64.ActiveCfg = Debug|Any CPU
		{A750FFE4-2BEA-4C72-9C72-6CC4A1788C5A}.Debug|x64.Build.0 = Debug|Any CPU
		{A750FFE4-2BEA-4C72-9C72-6CC4A1788C5A}.Debug|x86.ActiveCfg = Debug|Any CPU
		{A750FFE4-2BEA-4C72-9C72-6CC4A1788C5A}.Debug|x86.Build.0 = Debug|Any CPU
		{A750FFE4-2BEA-4C72-9C72-6CC4A1788C5A}.Release|Any CPU.ActiveCfg = Release|Any CPU
		{A750FFE4-2BEA-4C72-9C72-6CC4A1788C5A}.Release|Any CPU.Build.0 = Release|Any CPU
		{A750FFE4-2BEA-4C72-9C72-6CC4A1788C5A}.Release|x64.ActiveCfg = Release|Any CPU
		{A750FFE4-2BEA-4C72-9C72-6CC4A1788C5A}.Release|x64.Build.0 = Release|Any CPU
		{A750FFE4-2BEA-4C72-9C72-6CC4A1788C5A}.Release|x86.ActiveCfg = Release|Any CPU
		{A750FFE4-2BEA-4C72-9C72-6CC4A1788C5A}.Release|x86.Build.0 = Release|Any CPU
	EndGlobalSection
EndGlobal
